
Microsoft Visual Studio Solution File, Format Version 12.00
# Visual Studio 15
Project("{FAE04EC0-301F-11D3-BF4B-00C04F79EFBC}") = "PantryTracker.RecipeReader.Tests", "Sample.ParseTree.Tests\PantryTracker.RecipeReader.Tests.csproj", "{1FC574BA-FF06-451A-A0CB-A55A42224DCF}"
EndProject
Project("{FAE04EC0-301F-11D3-BF4B-00C04F79EFBC}") = "PantryTracker.RecipeReader", "PantryTracker.RecipeReader\PantryTracker.RecipeReader.csproj", "{32D157D4-DB42-4A5B-BCEE-F821EA1098BC}"
EndProject
Project("{FAE04EC0-301F-11D3-BF4B-00C04F79EFBC}") = "PantryTracker.Model.Recipe", "PantryTracker.Model.Recipe\PantryTracker.Model.Recipe.csproj", "{0655B362-C500-48A9-80D4-9E5552BB0322}"
EndProject
Global
	GlobalSection(SolutionConfigurationPlatforms) = preSolution
		Debug|Any CPU = Debug|Any CPU
		Release|Any CPU = Release|Any CPU
	EndGlobalSection
	GlobalSection(ProjectConfigurationPlatforms) = postSolution
		{1FC574BA-FF06-451A-A0CB-A55A42224DCF}.Debug|Any CPU.ActiveCfg = Debug|Any CPU
		{1FC574BA-FF06-451A-A0CB-A55A42224DCF}.Debug|Any CPU.Build.0 = Debug|Any CPU
		{1FC574BA-FF06-451A-A0CB-A55A42224DCF}.Release|Any CPU.ActiveCfg = Release|Any CPU
		{1FC574BA-FF06-451A-A0CB-A55A42224DCF}.Release|Any CPU.Build.0 = Release|Any CPU
		{32D157D4-DB42-4A5B-BCEE-F821EA1098BC}.Debug|Any CPU.ActiveCfg = Debug|Any CPU
		{32D157D4-DB42-4A5B-BCEE-F821EA1098BC}.Debug|Any CPU.Build.0 = Debug|Any CPU
		{32D157D4-DB42-4A5B-BCEE-F821EA1098BC}.Release|Any CPU.ActiveCfg = Release|Any CPU
		{32D157D4-DB42-4A5B-BCEE-F821EA1098BC}.Release|Any CPU.Build.0 = Release|Any CPU
		{0655B362-C500-48A9-80D4-9E5552BB0322}.Debug|Any CPU.ActiveCfg = Debug|Any CPU
		{0655B362-C500-48A9-80D4-9E5552BB0322}.Debug|Any CPU.Build.0 = Debug|Any CPU
		{0655B362-C500-48A9-80D4-9E5552BB0322}.Release|Any CPU.ActiveCfg = Release|Any CPU
		{0655B362-C500-48A9-80D4-9E5552BB0322}.Release|Any CPU.Build.0 = Release|Any CPU
	EndGlobalSection
EndGlobal
