
Microsoft Visual Studio Solution File, Format Version 12.00
# Visual Studio Version 16
VisualStudioVersion = 16.0.30204.135
MinimumVisualStudioVersion = 10.0.40219.1
Project("{9A19103F-16F7-4668-BE54-9A1E7A4F7556}") = "PantryTrackers", "PantryTrackers\PantryTrackers\PantryTrackers.csproj", "{0115C82F-1F8F-409F-8E35-61D186C559A8}"
EndProject
Project("{FAE04EC0-301F-11D3-BF4B-00C04F79EFBC}") = "PantryTrackers.Android", "PantryTrackers\PantryTrackers.Android\PantryTrackers.Android.csproj", "{4ADB229E-7644-4069-BDDD-D210896C4F35}"
EndProject
Project("{FAE04EC0-301F-11D3-BF4B-00C04F79EFBC}") = "PantryTrackers.iOS", "PantryTrackers\PantryTrackers.iOS\PantryTrackers.iOS.csproj", "{5D1B4D28-AD74-44D5-947B-5BA1208EC1D0}"
EndProject
Project("{FAE04EC0-301F-11D3-BF4B-00C04F79EFBC}") = "PantryTrackers.UWP", "PantryTrackers\PantryTrackers.UWP\PantryTrackers.UWP.csproj", "{B5CE74E7-D8EF-47DD-9B32-B18737840B73}"
EndProject
Project("{FAE04EC0-301F-11D3-BF4B-00C04F79EFBC}") = "PantryTrackers.Common", "PantryTrackers.Common\PantryTrackers.Common.csproj", "{F9ABA5A4-9964-47CF-A22D-65BC9A39D8F3}"
EndProject
Project("{2150E333-8FDC-42A3-9474-1A3956D46DE8}") = "Apps", "Apps", "{09136880-F3FF-406D-B63F-AF4ABA7B0C4F}"
EndProject
Global
	GlobalSection(SolutionConfigurationPlatforms) = preSolution
		Ad-Hoc|Any CPU = Ad-Hoc|Any CPU
		Ad-Hoc|ARM = Ad-Hoc|ARM
		Ad-Hoc|iPhone = Ad-Hoc|iPhone
		Ad-Hoc|iPhoneSimulator = Ad-Hoc|iPhoneSimulator
		Ad-Hoc|x64 = Ad-Hoc|x64
		Ad-Hoc|x86 = Ad-Hoc|x86
		AppStore|Any CPU = AppStore|Any CPU
		AppStore|ARM = AppStore|ARM
		AppStore|iPhone = AppStore|iPhone
		AppStore|iPhoneSimulator = AppStore|iPhoneSimulator
		AppStore|x64 = AppStore|x64
		AppStore|x86 = AppStore|x86
		Debug|Any CPU = Debug|Any CPU
		Debug|ARM = Debug|ARM
		Debug|iPhone = Debug|iPhone
		Debug|iPhoneSimulator = Debug|iPhoneSimulator
		Debug|x64 = Debug|x64
		Debug|x86 = Debug|x86
		Release|Any CPU = Release|Any CPU
		Release|ARM = Release|ARM
		Release|iPhone = Release|iPhone
		Release|iPhoneSimulator = Release|iPhoneSimulator
		Release|x64 = Release|x64
		Release|x86 = Release|x86
	EndGlobalSection
	GlobalSection(ProjectConfigurationPlatforms) = postSolution
		{0115C82F-1F8F-409F-8E35-61D186C559A8}.Ad-Hoc|Any CPU.ActiveCfg = Debug|Any CPU
		{0115C82F-1F8F-409F-8E35-61D186C559A8}.Ad-Hoc|Any CPU.Build.0 = Debug|Any CPU
		{0115C82F-1F8F-409F-8E35-61D186C559A8}.Ad-Hoc|ARM.ActiveCfg = Debug|Any CPU
		{0115C82F-1F8F-409F-8E35-61D186C559A8}.Ad-Hoc|ARM.Build.0 = Debug|Any CPU
		{0115C82F-1F8F-409F-8E35-61D186C559A8}.Ad-Hoc|iPhone.ActiveCfg = Debug|Any CPU
		{0115C82F-1F8F-409F-8E35-61D186C559A8}.Ad-Hoc|iPhone.Build.0 = Debug|Any CPU
		{0115C82F-1F8F-409F-8E35-61D186C559A8}.Ad-Hoc|iPhoneSimulator.ActiveCfg = Debug|Any CPU
		{0115C82F-1F8F-409F-8E35-61D186C559A8}.Ad-Hoc|iPhoneSimulator.Build.0 = Debug|Any CPU
		{0115C82F-1F8F-409F-8E35-61D186C559A8}.Ad-Hoc|x64.ActiveCfg = Debug|Any CPU
		{0115C82F-1F8F-409F-8E35-61D186C559A8}.Ad-Hoc|x64.Build.0 = Debug|Any CPU
		{0115C82F-1F8F-409F-8E35-61D186C559A8}.Ad-Hoc|x86.ActiveCfg = Debug|Any CPU
		{0115C82F-1F8F-409F-8E35-61D186C559A8}.Ad-Hoc|x86.Build.0 = Debug|Any CPU
		{0115C82F-1F8F-409F-8E35-61D186C559A8}.AppStore|Any CPU.ActiveCfg = Debug|Any CPU
		{0115C82F-1F8F-409F-8E35-61D186C559A8}.AppStore|Any CPU.Build.0 = Debug|Any CPU
		{0115C82F-1F8F-409F-8E35-61D186C559A8}.AppStore|ARM.ActiveCfg = Debug|Any CPU
		{0115C82F-1F8F-409F-8E35-61D186C559A8}.AppStore|ARM.Build.0 = Debug|Any CPU
		{0115C82F-1F8F-409F-8E35-61D186C559A8}.AppStore|iPhone.ActiveCfg = Debug|Any CPU
		{0115C82F-1F8F-409F-8E35-61D186C559A8}.AppStore|iPhone.Build.0 = Debug|Any CPU
		{0115C82F-1F8F-409F-8E35-61D186C559A8}.AppStore|iPhoneSimulator.ActiveCfg = Debug|Any CPU
		{0115C82F-1F8F-409F-8E35-61D186C559A8}.AppStore|iPhoneSimulator.Build.0 = Debug|Any CPU
		{0115C82F-1F8F-409F-8E35-61D186C559A8}.AppStore|x64.ActiveCfg = Debug|Any CPU
		{0115C82F-1F8F-409F-8E35-61D186C559A8}.AppStore|x64.Build.0 = Debug|Any CPU
		{0115C82F-1F8F-409F-8E35-61D186C559A8}.AppStore|x86.ActiveCfg = Debug|Any CPU
		{0115C82F-1F8F-409F-8E35-61D186C559A8}.AppStore|x86.Build.0 = Debug|Any CPU
		{0115C82F-1F8F-409F-8E35-61D186C559A8}.Debug|Any CPU.ActiveCfg = Debug|Any CPU
		{0115C82F-1F8F-409F-8E35-61D186C559A8}.Debug|Any CPU.Build.0 = Debug|Any CPU
		{0115C82F-1F8F-409F-8E35-61D186C559A8}.Debug|ARM.ActiveCfg = Debug|Any CPU
		{0115C82F-1F8F-409F-8E35-61D186C559A8}.Debug|ARM.Build.0 = Debug|Any CPU
		{0115C82F-1F8F-409F-8E35-61D186C559A8}.Debug|iPhone.ActiveCfg = Debug|Any CPU
		{0115C82F-1F8F-409F-8E35-61D186C559A8}.Debug|iPhone.Build.0 = Debug|Any CPU
		{0115C82F-1F8F-409F-8E35-61D186C559A8}.Debug|iPhoneSimulator.ActiveCfg = Debug|Any CPU
		{0115C82F-1F8F-409F-8E35-61D186C559A8}.Debug|iPhoneSimulator.Build.0 = Debug|Any CPU
		{0115C82F-1F8F-409F-8E35-61D186C559A8}.Debug|x64.ActiveCfg = Debug|Any CPU
		{0115C82F-1F8F-409F-8E35-61D186C559A8}.Debug|x64.Build.0 = Debug|Any CPU
		{0115C82F-1F8F-409F-8E35-61D186C559A8}.Debug|x86.ActiveCfg = Debug|Any CPU
		{0115C82F-1F8F-409F-8E35-61D186C559A8}.Debug|x86.Build.0 = Debug|Any CPU
		{0115C82F-1F8F-409F-8E35-61D186C559A8}.Release|Any CPU.ActiveCfg = Release|Any CPU
		{0115C82F-1F8F-409F-8E35-61D186C559A8}.Release|Any CPU.Build.0 = Release|Any CPU
		{0115C82F-1F8F-409F-8E35-61D186C559A8}.Release|ARM.ActiveCfg = Release|Any CPU
		{0115C82F-1F8F-409F-8E35-61D186C559A8}.Release|ARM.Build.0 = Release|Any CPU
		{0115C82F-1F8F-409F-8E35-61D186C559A8}.Release|iPhone.ActiveCfg = Release|Any CPU
		{0115C82F-1F8F-409F-8E35-61D186C559A8}.Release|iPhone.Build.0 = Release|Any CPU
		{0115C82F-1F8F-409F-8E35-61D186C559A8}.Release|iPhoneSimulator.ActiveCfg = Release|Any CPU
		{0115C82F-1F8F-409F-8E35-61D186C559A8}.Release|iPhoneSimulator.Build.0 = Release|Any CPU
		{0115C82F-1F8F-409F-8E35-61D186C559A8}.Release|x64.ActiveCfg = Release|Any CPU
		{0115C82F-1F8F-409F-8E35-61D186C559A8}.Release|x64.Build.0 = Release|Any CPU
		{0115C82F-1F8F-409F-8E35-61D186C559A8}.Release|x86.ActiveCfg = Release|Any CPU
		{0115C82F-1F8F-409F-8E35-61D186C559A8}.Release|x86.Build.0 = Release|Any CPU
		{4ADB229E-7644-4069-BDDD-D210896C4F35}.Ad-Hoc|Any CPU.ActiveCfg = Release|Any CPU
		{4ADB229E-7644-4069-BDDD-D210896C4F35}.Ad-Hoc|Any CPU.Build.0 = Release|Any CPU
		{4ADB229E-7644-4069-BDDD-D210896C4F35}.Ad-Hoc|Any CPU.Deploy.0 = Release|Any CPU
		{4ADB229E-7644-4069-BDDD-D210896C4F35}.Ad-Hoc|ARM.ActiveCfg = Release|Any CPU
		{4ADB229E-7644-4069-BDDD-D210896C4F35}.Ad-Hoc|ARM.Build.0 = Release|Any CPU
		{4ADB229E-7644-4069-BDDD-D210896C4F35}.Ad-Hoc|ARM.Deploy.0 = Release|Any CPU
		{4ADB229E-7644-4069-BDDD-D210896C4F35}.Ad-Hoc|iPhone.ActiveCfg = Release|Any CPU
		{4ADB229E-7644-4069-BDDD-D210896C4F35}.Ad-Hoc|iPhone.Build.0 = Release|Any CPU
		{4ADB229E-7644-4069-BDDD-D210896C4F35}.Ad-Hoc|iPhone.Deploy.0 = Release|Any CPU
		{4ADB229E-7644-4069-BDDD-D210896C4F35}.Ad-Hoc|iPhoneSimulator.ActiveCfg = Release|Any CPU
		{4ADB229E-7644-4069-BDDD-D210896C4F35}.Ad-Hoc|iPhoneSimulator.Build.0 = Release|Any CPU
		{4ADB229E-7644-4069-BDDD-D210896C4F35}.Ad-Hoc|iPhoneSimulator.Deploy.0 = Release|Any CPU
		{4ADB229E-7644-4069-BDDD-D210896C4F35}.Ad-Hoc|x64.ActiveCfg = Release|Any CPU
		{4ADB229E-7644-4069-BDDD-D210896C4F35}.Ad-Hoc|x64.Build.0 = Release|Any CPU
		{4ADB229E-7644-4069-BDDD-D210896C4F35}.Ad-Hoc|x64.Deploy.0 = Release|Any CPU
		{4ADB229E-7644-4069-BDDD-D210896C4F35}.Ad-Hoc|x86.ActiveCfg = Release|Any CPU
		{4ADB229E-7644-4069-BDDD-D210896C4F35}.Ad-Hoc|x86.Build.0 = Release|Any CPU
		{4ADB229E-7644-4069-BDDD-D210896C4F35}.Ad-Hoc|x86.Deploy.0 = Release|Any CPU
		{4ADB229E-7644-4069-BDDD-D210896C4F35}.AppStore|Any CPU.ActiveCfg = Release|Any CPU
		{4ADB229E-7644-4069-BDDD-D210896C4F35}.AppStore|Any CPU.Build.0 = Release|Any CPU
		{4ADB229E-7644-4069-BDDD-D210896C4F35}.AppStore|Any CPU.Deploy.0 = Release|Any CPU
		{4ADB229E-7644-4069-BDDD-D210896C4F35}.AppStore|ARM.ActiveCfg = Release|Any CPU
		{4ADB229E-7644-4069-BDDD-D210896C4F35}.AppStore|ARM.Build.0 = Release|Any CPU
		{4ADB229E-7644-4069-BDDD-D210896C4F35}.AppStore|ARM.Deploy.0 = Release|Any CPU
		{4ADB229E-7644-4069-BDDD-D210896C4F35}.AppStore|iPhone.ActiveCfg = Release|Any CPU
		{4ADB229E-7644-4069-BDDD-D210896C4F35}.AppStore|iPhone.Build.0 = Release|Any CPU
		{4ADB229E-7644-4069-BDDD-D210896C4F35}.AppStore|iPhone.Deploy.0 = Release|Any CPU
		{4ADB229E-7644-4069-BDDD-D210896C4F35}.AppStore|iPhoneSimulator.ActiveCfg = Release|Any CPU
		{4ADB229E-7644-4069-BDDD-D210896C4F35}.AppStore|iPhoneSimulator.Build.0 = Release|Any CPU
		{4ADB229E-7644-4069-BDDD-D210896C4F35}.AppStore|iPhoneSimulator.Deploy.0 = Release|Any CPU
		{4ADB229E-7644-4069-BDDD-D210896C4F35}.AppStore|x64.ActiveCfg = Release|Any CPU
		{4ADB229E-7644-4069-BDDD-D210896C4F35}.AppStore|x64.Build.0 = Release|Any CPU
		{4ADB229E-7644-4069-BDDD-D210896C4F35}.AppStore|x64.Deploy.0 = Release|Any CPU
		{4ADB229E-7644-4069-BDDD-D210896C4F35}.AppStore|x86.ActiveCfg = Release|Any CPU
		{4ADB229E-7644-4069-BDDD-D210896C4F35}.AppStore|x86.Build.0 = Release|Any CPU
		{4ADB229E-7644-4069-BDDD-D210896C4F35}.AppStore|x86.Deploy.0 = Release|Any CPU
		{4ADB229E-7644-4069-BDDD-D210896C4F35}.Debug|Any CPU.ActiveCfg = Debug|Any CPU
		{4ADB229E-7644-4069-BDDD-D210896C4F35}.Debug|Any CPU.Build.0 = Debug|Any CPU
		{4ADB229E-7644-4069-BDDD-D210896C4F35}.Debug|Any CPU.Deploy.0 = Debug|Any CPU
		{4ADB229E-7644-4069-BDDD-D210896C4F35}.Debug|ARM.ActiveCfg = Debug|Any CPU
		{4ADB229E-7644-4069-BDDD-D210896C4F35}.Debug|ARM.Build.0 = Debug|Any CPU
		{4ADB229E-7644-4069-BDDD-D210896C4F35}.Debug|ARM.Deploy.0 = Debug|Any CPU
		{4ADB229E-7644-4069-BDDD-D210896C4F35}.Debug|iPhone.ActiveCfg = Debug|Any CPU
		{4ADB229E-7644-4069-BDDD-D210896C4F35}.Debug|iPhone.Build.0 = Debug|Any CPU
		{4ADB229E-7644-4069-BDDD-D210896C4F35}.Debug|iPhone.Deploy.0 = Debug|Any CPU
		{4ADB229E-7644-4069-BDDD-D210896C4F35}.Debug|iPhoneSimulator.ActiveCfg = Debug|Any CPU
		{4ADB229E-7644-4069-BDDD-D210896C4F35}.Debug|iPhoneSimulator.Build.0 = Debug|Any CPU
		{4ADB229E-7644-4069-BDDD-D210896C4F35}.Debug|iPhoneSimulator.Deploy.0 = Debug|Any CPU
		{4ADB229E-7644-4069-BDDD-D210896C4F35}.Debug|x64.ActiveCfg = Debug|Any CPU
		{4ADB229E-7644-4069-BDDD-D210896C4F35}.Debug|x64.Build.0 = Debug|Any CPU
		{4ADB229E-7644-4069-BDDD-D210896C4F35}.Debug|x64.Deploy.0 = Debug|Any CPU
		{4ADB229E-7644-4069-BDDD-D210896C4F35}.Debug|x86.ActiveCfg = Debug|Any CPU
		{4ADB229E-7644-4069-BDDD-D210896C4F35}.Debug|x86.Build.0 = Debug|Any CPU
		{4ADB229E-7644-4069-BDDD-D210896C4F35}.Debug|x86.Deploy.0 = Debug|Any CPU
		{4ADB229E-7644-4069-BDDD-D210896C4F35}.Release|Any CPU.ActiveCfg = Release|Any CPU
		{4ADB229E-7644-4069-BDDD-D210896C4F35}.Release|Any CPU.Build.0 = Release|Any CPU
		{4ADB229E-7644-4069-BDDD-D210896C4F35}.Release|Any CPU.Deploy.0 = Release|Any CPU
		{4ADB229E-7644-4069-BDDD-D210896C4F35}.Release|ARM.ActiveCfg = Release|Any CPU
		{4ADB229E-7644-4069-BDDD-D210896C4F35}.Release|ARM.Build.0 = Release|Any CPU
		{4ADB229E-7644-4069-BDDD-D210896C4F35}.Release|ARM.Deploy.0 = Release|Any CPU
		{4ADB229E-7644-4069-BDDD-D210896C4F35}.Release|iPhone.ActiveCfg = Release|Any CPU
		{4ADB229E-7644-4069-BDDD-D210896C4F35}.Release|iPhone.Build.0 = Release|Any CPU
		{4ADB229E-7644-4069-BDDD-D210896C4F35}.Release|iPhone.Deploy.0 = Release|Any CPU
		{4ADB229E-7644-4069-BDDD-D210896C4F35}.Release|iPhoneSimulator.ActiveCfg = Release|Any CPU
		{4ADB229E-7644-4069-BDDD-D210896C4F35}.Release|iPhoneSimulator.Build.0 = Release|Any CPU
		{4ADB229E-7644-4069-BDDD-D210896C4F35}.Release|iPhoneSimulator.Deploy.0 = Release|Any CPU
		{4ADB229E-7644-4069-BDDD-D210896C4F35}.Release|x64.ActiveCfg = Release|Any CPU
		{4ADB229E-7644-4069-BDDD-D210896C4F35}.Release|x64.Build.0 = Release|Any CPU
		{4ADB229E-7644-4069-BDDD-D210896C4F35}.Release|x64.Deploy.0 = Release|Any CPU
		{4ADB229E-7644-4069-BDDD-D210896C4F35}.Release|x86.ActiveCfg = Release|Any CPU
		{4ADB229E-7644-4069-BDDD-D210896C4F35}.Release|x86.Build.0 = Release|Any CPU
		{4ADB229E-7644-4069-BDDD-D210896C4F35}.Release|x86.Deploy.0 = Release|Any CPU
		{5D1B4D28-AD74-44D5-947B-5BA1208EC1D0}.Ad-Hoc|Any CPU.ActiveCfg = Ad-Hoc|iPhone
		{5D1B4D28-AD74-44D5-947B-5BA1208EC1D0}.Ad-Hoc|ARM.ActiveCfg = Ad-Hoc|iPhone
		{5D1B4D28-AD74-44D5-947B-5BA1208EC1D0}.Ad-Hoc|iPhone.ActiveCfg = Ad-Hoc|iPhone
		{5D1B4D28-AD74-44D5-947B-5BA1208EC1D0}.Ad-Hoc|iPhone.Build.0 = Ad-Hoc|iPhone
		{5D1B4D28-AD74-44D5-947B-5BA1208EC1D0}.Ad-Hoc|iPhoneSimulator.ActiveCfg = Ad-Hoc|iPhoneSimulator
		{5D1B4D28-AD74-44D5-947B-5BA1208EC1D0}.Ad-Hoc|iPhoneSimulator.Build.0 = Ad-Hoc|iPhoneSimulator
		{5D1B4D28-AD74-44D5-947B-5BA1208EC1D0}.Ad-Hoc|x64.ActiveCfg = Ad-Hoc|iPhone
		{5D1B4D28-AD74-44D5-947B-5BA1208EC1D0}.Ad-Hoc|x86.ActiveCfg = Ad-Hoc|iPhone
		{5D1B4D28-AD74-44D5-947B-5BA1208EC1D0}.AppStore|Any CPU.ActiveCfg = AppStore|iPhone
		{5D1B4D28-AD74-44D5-947B-5BA1208EC1D0}.AppStore|ARM.ActiveCfg = AppStore|iPhone
		{5D1B4D28-AD74-44D5-947B-5BA1208EC1D0}.AppStore|iPhone.ActiveCfg = AppStore|iPhone
		{5D1B4D28-AD74-44D5-947B-5BA1208EC1D0}.AppStore|iPhone.Build.0 = AppStore|iPhone
		{5D1B4D28-AD74-44D5-947B-5BA1208EC1D0}.AppStore|iPhoneSimulator.ActiveCfg = AppStore|iPhoneSimulator
		{5D1B4D28-AD74-44D5-947B-5BA1208EC1D0}.AppStore|iPhoneSimulator.Build.0 = AppStore|iPhoneSimulator
		{5D1B4D28-AD74-44D5-947B-5BA1208EC1D0}.AppStore|x64.ActiveCfg = AppStore|iPhone
		{5D1B4D28-AD74-44D5-947B-5BA1208EC1D0}.AppStore|x86.ActiveCfg = AppStore|iPhone
		{5D1B4D28-AD74-44D5-947B-5BA1208EC1D0}.Debug|Any CPU.ActiveCfg = Debug|iPhone
		{5D1B4D28-AD74-44D5-947B-5BA1208EC1D0}.Debug|ARM.ActiveCfg = Debug|iPhone
		{5D1B4D28-AD74-44D5-947B-5BA1208EC1D0}.Debug|iPhone.ActiveCfg = Debug|iPhone
		{5D1B4D28-AD74-44D5-947B-5BA1208EC1D0}.Debug|iPhone.Build.0 = Debug|iPhone
		{5D1B4D28-AD74-44D5-947B-5BA1208EC1D0}.Debug|iPhoneSimulator.ActiveCfg = Debug|iPhoneSimulator
		{5D1B4D28-AD74-44D5-947B-5BA1208EC1D0}.Debug|iPhoneSimulator.Build.0 = Debug|iPhoneSimulator
		{5D1B4D28-AD74-44D5-947B-5BA1208EC1D0}.Debug|x64.ActiveCfg = Debug|iPhone
		{5D1B4D28-AD74-44D5-947B-5BA1208EC1D0}.Debug|x86.ActiveCfg = Debug|iPhone
		{5D1B4D28-AD74-44D5-947B-5BA1208EC1D0}.Release|Any CPU.ActiveCfg = Release|iPhone
		{5D1B4D28-AD74-44D5-947B-5BA1208EC1D0}.Release|ARM.ActiveCfg = Release|iPhone
		{5D1B4D28-AD74-44D5-947B-5BA1208EC1D0}.Release|iPhone.ActiveCfg = Release|iPhone
		{5D1B4D28-AD74-44D5-947B-5BA1208EC1D0}.Release|iPhone.Build.0 = Release|iPhone
		{5D1B4D28-AD74-44D5-947B-5BA1208EC1D0}.Release|iPhoneSimulator.ActiveCfg = Release|iPhoneSimulator
		{5D1B4D28-AD74-44D5-947B-5BA1208EC1D0}.Release|iPhoneSimulator.Build.0 = Release|iPhoneSimulator
		{5D1B4D28-AD74-44D5-947B-5BA1208EC1D0}.Release|x64.ActiveCfg = Release|iPhone
		{5D1B4D28-AD74-44D5-947B-5BA1208EC1D0}.Release|x86.ActiveCfg = Release|iPhone
		{B5CE74E7-D8EF-47DD-9B32-B18737840B73}.Ad-Hoc|Any CPU.ActiveCfg = Release|x86
		{B5CE74E7-D8EF-47DD-9B32-B18737840B73}.Ad-Hoc|Any CPU.Build.0 = Release|x86
		{B5CE74E7-D8EF-47DD-9B32-B18737840B73}.Ad-Hoc|Any CPU.Deploy.0 = Release|x86
		{B5CE74E7-D8EF-47DD-9B32-B18737840B73}.Ad-Hoc|ARM.ActiveCfg = Release|ARM
		{B5CE74E7-D8EF-47DD-9B32-B18737840B73}.Ad-Hoc|ARM.Build.0 = Release|ARM
		{B5CE74E7-D8EF-47DD-9B32-B18737840B73}.Ad-Hoc|ARM.Deploy.0 = Release|ARM
		{B5CE74E7-D8EF-47DD-9B32-B18737840B73}.Ad-Hoc|iPhone.ActiveCfg = Release|x86
		{B5CE74E7-D8EF-47DD-9B32-B18737840B73}.Ad-Hoc|iPhone.Build.0 = Release|x86
		{B5CE74E7-D8EF-47DD-9B32-B18737840B73}.Ad-Hoc|iPhone.Deploy.0 = Release|x86
		{B5CE74E7-D8EF-47DD-9B32-B18737840B73}.Ad-Hoc|iPhoneSimulator.ActiveCfg = Release|x86
		{B5CE74E7-D8EF-47DD-9B32-B18737840B73}.Ad-Hoc|iPhoneSimulator.Build.0 = Release|x86
		{B5CE74E7-D8EF-47DD-9B32-B18737840B73}.Ad-Hoc|iPhoneSimulator.Deploy.0 = Release|x86
		{B5CE74E7-D8EF-47DD-9B32-B18737840B73}.Ad-Hoc|x64.ActiveCfg = Release|x64
		{B5CE74E7-D8EF-47DD-9B32-B18737840B73}.Ad-Hoc|x64.Build.0 = Release|x64
		{B5CE74E7-D8EF-47DD-9B32-B18737840B73}.Ad-Hoc|x64.Deploy.0 = Release|x64
		{B5CE74E7-D8EF-47DD-9B32-B18737840B73}.Ad-Hoc|x86.ActiveCfg = Release|x86
		{B5CE74E7-D8EF-47DD-9B32-B18737840B73}.Ad-Hoc|x86.Build.0 = Release|x86
		{B5CE74E7-D8EF-47DD-9B32-B18737840B73}.Ad-Hoc|x86.Deploy.0 = Release|x86
		{B5CE74E7-D8EF-47DD-9B32-B18737840B73}.AppStore|Any CPU.ActiveCfg = Release|x86
		{B5CE74E7-D8EF-47DD-9B32-B18737840B73}.AppStore|Any CPU.Build.0 = Release|x86
		{B5CE74E7-D8EF-47DD-9B32-B18737840B73}.AppStore|Any CPU.Deploy.0 = Release|x86
		{B5CE74E7-D8EF-47DD-9B32-B18737840B73}.AppStore|ARM.ActiveCfg = Release|ARM
		{B5CE74E7-D8EF-47DD-9B32-B18737840B73}.AppStore|ARM.Build.0 = Release|ARM
		{B5CE74E7-D8EF-47DD-9B32-B18737840B73}.AppStore|ARM.Deploy.0 = Release|ARM
		{B5CE74E7-D8EF-47DD-9B32-B18737840B73}.AppStore|iPhone.ActiveCfg = Release|x86
		{B5CE74E7-D8EF-47DD-9B32-B18737840B73}.AppStore|iPhone.Build.0 = Release|x86
		{B5CE74E7-D8EF-47DD-9B32-B18737840B73}.AppStore|iPhone.Deploy.0 = Release|x86
		{B5CE74E7-D8EF-47DD-9B32-B18737840B73}.AppStore|iPhoneSimulator.ActiveCfg = Release|x86
		{B5CE74E7-D8EF-47DD-9B32-B18737840B73}.AppStore|iPhoneSimulator.Build.0 = Release|x86
		{B5CE74E7-D8EF-47DD-9B32-B18737840B73}.AppStore|iPhoneSimulator.Deploy.0 = Release|x86
		{B5CE74E7-D8EF-47DD-9B32-B18737840B73}.AppStore|x64.ActiveCfg = Release|x64
		{B5CE74E7-D8EF-47DD-9B32-B18737840B73}.AppStore|x64.Build.0 = Release|x64
		{B5CE74E7-D8EF-47DD-9B32-B18737840B73}.AppStore|x64.Deploy.0 = Release|x64
		{B5CE74E7-D8EF-47DD-9B32-B18737840B73}.AppStore|x86.ActiveCfg = Release|x86
		{B5CE74E7-D8EF-47DD-9B32-B18737840B73}.AppStore|x86.Build.0 = Release|x86
		{B5CE74E7-D8EF-47DD-9B32-B18737840B73}.AppStore|x86.Deploy.0 = Release|x86
		{B5CE74E7-D8EF-47DD-9B32-B18737840B73}.Debug|Any CPU.ActiveCfg = Debug|x86
		{B5CE74E7-D8EF-47DD-9B32-B18737840B73}.Debug|ARM.ActiveCfg = Debug|ARM
		{B5CE74E7-D8EF-47DD-9B32-B18737840B73}.Debug|ARM.Build.0 = Debug|ARM
		{B5CE74E7-D8EF-47DD-9B32-B18737840B73}.Debug|ARM.Deploy.0 = Debug|ARM
		{B5CE74E7-D8EF-47DD-9B32-B18737840B73}.Debug|iPhone.ActiveCfg = Debug|x86
		{B5CE74E7-D8EF-47DD-9B32-B18737840B73}.Debug|iPhoneSimulator.ActiveCfg = Debug|x86
		{B5CE74E7-D8EF-47DD-9B32-B18737840B73}.Debug|x64.ActiveCfg = Debug|x64
		{B5CE74E7-D8EF-47DD-9B32-B18737840B73}.Debug|x64.Build.0 = Debug|x64
		{B5CE74E7-D8EF-47DD-9B32-B18737840B73}.Debug|x64.Deploy.0 = Debug|x64
		{B5CE74E7-D8EF-47DD-9B32-B18737840B73}.Debug|x86.ActiveCfg = Debug|x86
		{B5CE74E7-D8EF-47DD-9B32-B18737840B73}.Debug|x86.Build.0 = Debug|x86
		{B5CE74E7-D8EF-47DD-9B32-B18737840B73}.Debug|x86.Deploy.0 = Debug|x86
		{B5CE74E7-D8EF-47DD-9B32-B18737840B73}.Release|Any CPU.ActiveCfg = Release|x86
		{B5CE74E7-D8EF-47DD-9B32-B18737840B73}.Release|ARM.ActiveCfg = Release|ARM
		{B5CE74E7-D8EF-47DD-9B32-B18737840B73}.Release|ARM.Build.0 = Release|ARM
		{B5CE74E7-D8EF-47DD-9B32-B18737840B73}.Release|ARM.Deploy.0 = Release|ARM
		{B5CE74E7-D8EF-47DD-9B32-B18737840B73}.Release|iPhone.ActiveCfg = Release|x86
		{B5CE74E7-D8EF-47DD-9B32-B18737840B73}.Release|iPhoneSimulator.ActiveCfg = Release|x86
		{B5CE74E7-D8EF-47DD-9B32-B18737840B73}.Release|x64.ActiveCfg = Release|x64
		{B5CE74E7-D8EF-47DD-9B32-B18737840B73}.Release|x64.Build.0 = Release|x64
		{B5CE74E7-D8EF-47DD-9B32-B18737840B73}.Release|x64.Deploy.0 = Release|x64
		{B5CE74E7-D8EF-47DD-9B32-B18737840B73}.Release|x86.ActiveCfg = Release|x86
		{B5CE74E7-D8EF-47DD-9B32-B18737840B73}.Release|x86.Build.0 = Release|x86
		{B5CE74E7-D8EF-47DD-9B32-B18737840B73}.Release|x86.Deploy.0 = Release|x86
		{F9ABA5A4-9964-47CF-A22D-65BC9A39D8F3}.Ad-Hoc|Any CPU.ActiveCfg = Debug|Any CPU
		{F9ABA5A4-9964-47CF-A22D-65BC9A39D8F3}.Ad-Hoc|Any CPU.Build.0 = Debug|Any CPU
		{F9ABA5A4-9964-47CF-A22D-65BC9A39D8F3}.Ad-Hoc|ARM.ActiveCfg = Debug|Any CPU
		{F9ABA5A4-9964-47CF-A22D-65BC9A39D8F3}.Ad-Hoc|ARM.Build.0 = Debug|Any CPU
		{F9ABA5A4-9964-47CF-A22D-65BC9A39D8F3}.Ad-Hoc|iPhone.ActiveCfg = Debug|Any CPU
		{F9ABA5A4-9964-47CF-A22D-65BC9A39D8F3}.Ad-Hoc|iPhone.Build.0 = Debug|Any CPU
		{F9ABA5A4-9964-47CF-A22D-65BC9A39D8F3}.Ad-Hoc|iPhoneSimulator.ActiveCfg = Debug|Any CPU
		{F9ABA5A4-9964-47CF-A22D-65BC9A39D8F3}.Ad-Hoc|iPhoneSimulator.Build.0 = Debug|Any CPU
		{F9ABA5A4-9964-47CF-A22D-65BC9A39D8F3}.Ad-Hoc|x64.ActiveCfg = Debug|Any CPU
		{F9ABA5A4-9964-47CF-A22D-65BC9A39D8F3}.Ad-Hoc|x64.Build.0 = Debug|Any CPU
		{F9ABA5A4-9964-47CF-A22D-65BC9A39D8F3}.Ad-Hoc|x86.ActiveCfg = Debug|Any CPU
		{F9ABA5A4-9964-47CF-A22D-65BC9A39D8F3}.Ad-Hoc|x86.Build.0 = Debug|Any CPU
		{F9ABA5A4-9964-47CF-A22D-65BC9A39D8F3}.AppStore|Any CPU.ActiveCfg = Debug|Any CPU
		{F9ABA5A4-9964-47CF-A22D-65BC9A39D8F3}.AppStore|Any CPU.Build.0 = Debug|Any CPU
		{F9ABA5A4-9964-47CF-A22D-65BC9A39D8F3}.AppStore|ARM.ActiveCfg = Debug|Any CPU
		{F9ABA5A4-9964-47CF-A22D-65BC9A39D8F3}.AppStore|ARM.Build.0 = Debug|Any CPU
		{F9ABA5A4-9964-47CF-A22D-65BC9A39D8F3}.AppStore|iPhone.ActiveCfg = Debug|Any CPU
		{F9ABA5A4-9964-47CF-A22D-65BC9A39D8F3}.AppStore|iPhone.Build.0 = Debug|Any CPU
		{F9ABA5A4-9964-47CF-A22D-65BC9A39D8F3}.AppStore|iPhoneSimulator.ActiveCfg = Debug|Any CPU
		{F9ABA5A4-9964-47CF-A22D-65BC9A39D8F3}.AppStore|iPhoneSimulator.Build.0 = Debug|Any CPU
		{F9ABA5A4-9964-47CF-A22D-65BC9A39D8F3}.AppStore|x64.ActiveCfg = Debug|Any CPU
		{F9ABA5A4-9964-47CF-A22D-65BC9A39D8F3}.AppStore|x64.Build.0 = Debug|Any CPU
		{F9ABA5A4-9964-47CF-A22D-65BC9A39D8F3}.AppStore|x86.ActiveCfg = Debug|Any CPU
		{F9ABA5A4-9964-47CF-A22D-65BC9A39D8F3}.AppStore|x86.Build.0 = Debug|Any CPU
		{F9ABA5A4-9964-47CF-A22D-65BC9A39D8F3}.Debug|Any CPU.ActiveCfg = Debug|Any CPU
		{F9ABA5A4-9964-47CF-A22D-65BC9A39D8F3}.Debug|Any CPU.Build.0 = Debug|Any CPU
		{F9ABA5A4-9964-47CF-A22D-65BC9A39D8F3}.Debug|ARM.ActiveCfg = Debug|Any CPU
		{F9ABA5A4-9964-47CF-A22D-65BC9A39D8F3}.Debug|ARM.Build.0 = Debug|Any CPU
		{F9ABA5A4-9964-47CF-A22D-65BC9A39D8F3}.Debug|iPhone.ActiveCfg = Debug|Any CPU
		{F9ABA5A4-9964-47CF-A22D-65BC9A39D8F3}.Debug|iPhone.Build.0 = Debug|Any CPU
		{F9ABA5A4-9964-47CF-A22D-65BC9A39D8F3}.Debug|iPhoneSimulator.ActiveCfg = Debug|Any CPU
		{F9ABA5A4-9964-47CF-A22D-65BC9A39D8F3}.Debug|iPhoneSimulator.Build.0 = Debug|Any CPU
		{F9ABA5A4-9964-47CF-A22D-65BC9A39D8F3}.Debug|x64.ActiveCfg = Debug|Any CPU
		{F9ABA5A4-9964-47CF-A22D-65BC9A39D8F3}.Debug|x64.Build.0 = Debug|Any CPU
		{F9ABA5A4-9964-47CF-A22D-65BC9A39D8F3}.Debug|x86.ActiveCfg = Debug|Any CPU
		{F9ABA5A4-9964-47CF-A22D-65BC9A39D8F3}.Debug|x86.Build.0 = Debug|Any CPU
		{F9ABA5A4-9964-47CF-A22D-65BC9A39D8F3}.Release|Any CPU.ActiveCfg = Release|Any CPU
		{F9ABA5A4-9964-47CF-A22D-65BC9A39D8F3}.Release|Any CPU.Build.0 = Release|Any CPU
		{F9ABA5A4-9964-47CF-A22D-65BC9A39D8F3}.Release|ARM.ActiveCfg = Release|Any CPU
		{F9ABA5A4-9964-47CF-A22D-65BC9A39D8F3}.Release|ARM.Build.0 = Release|Any CPU
		{F9ABA5A4-9964-47CF-A22D-65BC9A39D8F3}.Release|iPhone.ActiveCfg = Release|Any CPU
		{F9ABA5A4-9964-47CF-A22D-65BC9A39D8F3}.Release|iPhone.Build.0 = Release|Any CPU
		{F9ABA5A4-9964-47CF-A22D-65BC9A39D8F3}.Release|iPhoneSimulator.ActiveCfg = Release|Any CPU
		{F9ABA5A4-9964-47CF-A22D-65BC9A39D8F3}.Release|iPhoneSimulator.Build.0 = Release|Any CPU
		{F9ABA5A4-9964-47CF-A22D-65BC9A39D8F3}.Release|x64.ActiveCfg = Release|Any CPU
		{F9ABA5A4-9964-47CF-A22D-65BC9A39D8F3}.Release|x64.Build.0 = Release|Any CPU
		{F9ABA5A4-9964-47CF-A22D-65BC9A39D8F3}.Release|x86.ActiveCfg = Release|Any CPU
		{F9ABA5A4-9964-47CF-A22D-65BC9A39D8F3}.Release|x86.Build.0 = Release|Any CPU
	EndGlobalSection
	GlobalSection(SolutionProperties) = preSolution
		HideSolutionNode = FALSE
	EndGlobalSection
	GlobalSection(NestedProjects) = preSolution
		{0115C82F-1F8F-409F-8E35-61D186C559A8} = {09136880-F3FF-406D-B63F-AF4ABA7B0C4F}
		{4ADB229E-7644-4069-BDDD-D210896C4F35} = {09136880-F3FF-406D-B63F-AF4ABA7B0C4F}
		{5D1B4D28-AD74-44D5-947B-5BA1208EC1D0} = {09136880-F3FF-406D-B63F-AF4ABA7B0C4F}
		{B5CE74E7-D8EF-47DD-9B32-B18737840B73} = {09136880-F3FF-406D-B63F-AF4ABA7B0C4F}
	EndGlobalSection
	GlobalSection(ExtensibilityGlobals) = postSolution
		SolutionGuid = {C5940C7B-2B2E-42C0-9521-FFE6917AD3E4}
	EndGlobalSection
EndGlobal
