
Microsoft Visual Studio Solution File, Format Version 12.00
# Visual Studio 15
VisualStudioVersion = 15.0.27703.2035
MinimumVisualStudioVersion = 10.0.40219.1
Project("{FAE04EC0-301F-11D3-BF4B-00C04F79EFBC}") = "PT_SSO", "PT_SSO\PT_SSO.csproj", "{ECB695AC-D26A-4D06-84AE-FCCABD45A4BE}"
EndProject
Global
	GlobalSection(SolutionConfigurationPlatforms) = preSolution
		Debug|Any CPU = Debug|Any CPU
		Release|Any CPU = Release|Any CPU
	EndGlobalSection
	GlobalSection(ProjectConfigurationPlatforms) = postSolution
		{ECB695AC-D26A-4D06-84AE-FCCABD45A4BE}.Debug|Any CPU.ActiveCfg = Debug|Any CPU
		{ECB695AC-D26A-4D06-84AE-FCCABD45A4BE}.Debug|Any CPU.Build.0 = Debug|Any CPU
		{ECB695AC-D26A-4D06-84AE-FCCABD45A4BE}.Release|Any CPU.ActiveCfg = Release|Any CPU
		{ECB695AC-D26A-4D06-84AE-FCCABD45A4BE}.Release|Any CPU.Build.0 = Release|Any CPU
	EndGlobalSection
	GlobalSection(SolutionProperties) = preSolution
		HideSolutionNode = FALSE
	EndGlobalSection
	GlobalSection(ExtensibilityGlobals) = postSolution
		SolutionGuid = {C0EC021E-24D3-4462-B4DE-9F6427E9053C}
	EndGlobalSection
EndGlobal
