
Microsoft Visual Studio Solution File, Format Version 12.00
# Visual Studio Version 16
VisualStudioVersion = 16.0.29613.14
MinimumVisualStudioVersion = 10.0.40219.1
Project("{9A19103F-16F7-4668-BE54-9A1E7A4F7556}") = "SecuringAngularApps.STS", "SecuringAngularApps.STS\SecuringAngularApps.STS.csproj", "{126FF2EB-81E2-4359-9AC2-A6EE5939EECA}"
EndProject
Global
	GlobalSection(SolutionConfigurationPlatforms) = preSolution
		Debug|Any CPU = Debug|Any CPU
		Release|Any CPU = Release|Any CPU
	EndGlobalSection
	GlobalSection(ProjectConfigurationPlatforms) = postSolution
		{126FF2EB-81E2-4359-9AC2-A6EE5939EECA}.Debug|Any CPU.ActiveCfg = Debug|Any CPU
		{126FF2EB-81E2-4359-9AC2-A6EE5939EECA}.Debug|Any CPU.Build.0 = Debug|Any CPU
		{126FF2EB-81E2-4359-9AC2-A6EE5939EECA}.Release|Any CPU.ActiveCfg = Release|Any CPU
		{126FF2EB-81E2-4359-9AC2-A6EE5939EECA}.Release|Any CPU.Build.0 = Release|Any CPU
	EndGlobalSection
	GlobalSection(SolutionProperties) = preSolution
		HideSolutionNode = FALSE
	EndGlobalSection
	GlobalSection(ExtensibilityGlobals) = postSolution
		SolutionGuid = {4326F173-8587-40FB-9C6C-AE58C2FF9E3D}
	EndGlobalSection
EndGlobal
