
Microsoft Visual Studio Solution File, Format Version 12.00
# Visual Studio Version 16
VisualStudioVersion = 16.0.29613.14
MinimumVisualStudioVersion = 10.0.40219.1
Project("{9A19103F-16F7-4668-BE54-9A1E7A4F7556}") = "RecipeAPI", "RecipeAPI\RecipeAPI.csproj", "{B3E70A85-4F06-4D04-8366-0AD3242755FB}"
EndProject
Project("{9A19103F-16F7-4668-BE54-9A1E7A4F7556}") = "PantryTracker.Model", "Model\PantryTracker.Model.Recipe\PantryTracker.Model.csproj", "{D37EDECD-ED14-476B-A87D-8CFF815C9E17}"
EndProject
Project("{9A19103F-16F7-4668-BE54-9A1E7A4F7556}") = "PantryTracker.RecipeReader.Tests", "Tests\PantryTracker.RecipeReader.Tests\PantryTracker.RecipeReader.Tests.csproj", "{6824D076-451E-4197-A2E2-596255F9736E}"
EndProject
Project("{9A19103F-16F7-4668-BE54-9A1E7A4F7556}") = "PantryTracker.RecipeReader", "Data Import\PantryTracker.RecipeReader\PantryTracker.RecipeReader.csproj", "{096CDA3F-3100-48D3-94D9-AB3DD389BB21}"
EndProject
Project("{9A19103F-16F7-4668-BE54-9A1E7A4F7556}") = "PantryTrackers.Integrations", "PantryTrackers.Integrations\PantryTrackers.Integrations.csproj", "{13C4C938-CAF4-4088-9EDB-4DF96C03E4FA}"
EndProject
Global
	GlobalSection(SolutionConfigurationPlatforms) = preSolution
		Debug|Any CPU = Debug|Any CPU
		Release|Any CPU = Release|Any CPU
	EndGlobalSection
	GlobalSection(ProjectConfigurationPlatforms) = postSolution
		{B3E70A85-4F06-4D04-8366-0AD3242755FB}.Debug|Any CPU.ActiveCfg = Debug|Any CPU
		{B3E70A85-4F06-4D04-8366-0AD3242755FB}.Debug|Any CPU.Build.0 = Debug|Any CPU
		{B3E70A85-4F06-4D04-8366-0AD3242755FB}.Release|Any CPU.ActiveCfg = Release|Any CPU
		{B3E70A85-4F06-4D04-8366-0AD3242755FB}.Release|Any CPU.Build.0 = Release|Any CPU
		{D37EDECD-ED14-476B-A87D-8CFF815C9E17}.Debug|Any CPU.ActiveCfg = Debug|Any CPU
		{D37EDECD-ED14-476B-A87D-8CFF815C9E17}.Debug|Any CPU.Build.0 = Debug|Any CPU
		{D37EDECD-ED14-476B-A87D-8CFF815C9E17}.Release|Any CPU.ActiveCfg = Release|Any CPU
		{D37EDECD-ED14-476B-A87D-8CFF815C9E17}.Release|Any CPU.Build.0 = Release|Any CPU
		{6824D076-451E-4197-A2E2-596255F9736E}.Debug|Any CPU.ActiveCfg = Debug|Any CPU
		{6824D076-451E-4197-A2E2-596255F9736E}.Debug|Any CPU.Build.0 = Debug|Any CPU
		{6824D076-451E-4197-A2E2-596255F9736E}.Release|Any CPU.ActiveCfg = Release|Any CPU
		{6824D076-451E-4197-A2E2-596255F9736E}.Release|Any CPU.Build.0 = Release|Any CPU
		{096CDA3F-3100-48D3-94D9-AB3DD389BB21}.Debug|Any CPU.ActiveCfg = Debug|Any CPU
		{096CDA3F-3100-48D3-94D9-AB3DD389BB21}.Debug|Any CPU.Build.0 = Debug|Any CPU
		{096CDA3F-3100-48D3-94D9-AB3DD389BB21}.Release|Any CPU.ActiveCfg = Release|Any CPU
		{096CDA3F-3100-48D3-94D9-AB3DD389BB21}.Release|Any CPU.Build.0 = Release|Any CPU
		{13C4C938-CAF4-4088-9EDB-4DF96C03E4FA}.Debug|Any CPU.ActiveCfg = Debug|Any CPU
		{13C4C938-CAF4-4088-9EDB-4DF96C03E4FA}.Debug|Any CPU.Build.0 = Debug|Any CPU
		{13C4C938-CAF4-4088-9EDB-4DF96C03E4FA}.Release|Any CPU.ActiveCfg = Release|Any CPU
		{13C4C938-CAF4-4088-9EDB-4DF96C03E4FA}.Release|Any CPU.Build.0 = Release|Any CPU
	EndGlobalSection
	GlobalSection(SolutionProperties) = preSolution
		HideSolutionNode = FALSE
	EndGlobalSection
	GlobalSection(ExtensibilityGlobals) = postSolution
		SolutionGuid = {B358201B-3FAB-4983-B6AF-5C552C0F0A4A}
	EndGlobalSection
EndGlobal
