
Microsoft Visual Studio Solution File, Format Version 12.00
# Visual Studio 15
VisualStudioVersion = 15.0.27703.2035
MinimumVisualStudioVersion = 10.0.40219.1
Project("{FAE04EC0-301F-11D3-BF4B-00C04F79EFBC}") = "RecipeAPI", "RecipeAPI\RecipeAPI.csproj", "{B3E70A85-4F06-4D04-8366-0AD3242755FB}"
EndProject
Global
	GlobalSection(SolutionConfigurationPlatforms) = preSolution
		Debug|Any CPU = Debug|Any CPU
		Release|Any CPU = Release|Any CPU
	EndGlobalSection
	GlobalSection(ProjectConfigurationPlatforms) = postSolution
		{B3E70A85-4F06-4D04-8366-0AD3242755FB}.Debug|Any CPU.ActiveCfg = Debug|Any CPU
		{B3E70A85-4F06-4D04-8366-0AD3242755FB}.Debug|Any CPU.Build.0 = Debug|Any CPU
		{B3E70A85-4F06-4D04-8366-0AD3242755FB}.Release|Any CPU.ActiveCfg = Release|Any CPU
		{B3E70A85-4F06-4D04-8366-0AD3242755FB}.Release|Any CPU.Build.0 = Release|Any CPU
	EndGlobalSection
	GlobalSection(SolutionProperties) = preSolution
		HideSolutionNode = FALSE
	EndGlobalSection
	GlobalSection(ExtensibilityGlobals) = postSolution
		SolutionGuid = {B358201B-3FAB-4983-B6AF-5C552C0F0A4A}
	EndGlobalSection
EndGlobal
